{
    "_readme": [
        "This file locks the dependencies of your project to a known state",
        "Read more about it at https://getcomposer.org/doc/01-basic-usage.md#composer-lock-the-lock-file",
        "This file is @generated automatically"
    ],
    "content-hash": "e06af558331e46d84a7ebeb109e4ee0e",
    "packages": [
        {
            "name": "sendgrid/php-http-client",
            "version": "3.7.0",
            "source": {
                "type": "git",
                "url": "https://github.com/sendgrid/php-http-client.git",
                "reference": "bec48e0e2e41331438ba7872805b86c45387178d"
            },
            "dist": {
                "type": "zip",
                "url": "https://api.github.com/repos/sendgrid/php-http-client/zipball/bec48e0e2e41331438ba7872805b86c45387178d",
                "reference": "bec48e0e2e41331438ba7872805b86c45387178d",
                "shasum": ""
            },
            "require": {
                "php": ">=5.6"
            },
            "require-dev": {
                "phpunit/phpunit": "~4.4",
                "squizlabs/php_codesniffer": "~2.0"
            },
            "type": "library",
            "autoload": {
                "psr-4": {
                    "SendGrid\\": "lib/"
                }
            },
            "notification-url": "https://packagist.org/downloads/",
            "license": [
                "MIT"
            ],
            "authors": [
                {
                    "name": "Matt Bernier",
                    "email": "dx@sendgrid.com"
                },
                {
                    "name": "Elmer Thomas",
                    "email": "elmer@thinkingserious.com"
                }
            ],
            "description": "HTTP REST client, simplified for PHP",
            "homepage": "http://github.com/sendgrid/php-http-client",
            "keywords": [
                "api",
                "fluent",
                "http",
                "rest",
                "sendgrid"
            ],
            "time": "2017-05-05T06:15:41+00:00"
        },
        {
            "name": "sendgrid/sendgrid",
            "version": "5.5.0",
            "source": {
                "type": "git",
                "url": "https://github.com/sendgrid/sendgrid-php.git",
                "reference": "b4c997f865ced8be232f63957b872fffa81f0d79"
            },
            "dist": {
                "type": "zip",
                "url": "https://api.github.com/repos/sendgrid/sendgrid-php/zipball/b4c997f865ced8be232f63957b872fffa81f0d79",
                "reference": "b4c997f865ced8be232f63957b872fffa81f0d79",
                "shasum": ""
            },
            "require": {
                "php": ">=5.6",
                "sendgrid/php-http-client": "~3.7"
            },
            "replace": {
                "sendgrid/sendgrid-php": "*"
            },
            "require-dev": {
                "phpunit/phpunit": "4.*",
                "squizlabs/php_codesniffer": "2.*"
            },
            "type": "library",
            "autoload": {
                "files": [
                    "lib/SendGrid.php",
                    "lib/helpers/mail/Mail.php"
                ]
            },
            "notification-url": "https://packagist.org/downloads/",
            "license": [
                "MIT"
            ],
            "description": "This library allows you to quickly and easily send emails through SendGrid using PHP.",
            "homepage": "http://github.com/sendgrid/sendgrid-php",
            "keywords": [
                "email",
                "grid",
                "send",
                "sendgrid"
            ],
            "time": "2017-05-05T06:31:40+00:00"
        }
    ],
    "packages-dev": [],
    "aliases": [],
    "minimum-stability": "stable",
    "stability-flags": [],
    "prefer-stable": false,
    "prefer-lowest": false,
    "platform": [],
    "platform-dev": []
}
